<?xml version="1.0" encoding="utf-8"?>
<Project ToolsVersion="4.0" xmlns="http://schemas.microsoft.com/developer/msbuild/2003">
  <ItemGroup>
    <Filter Include="Modules">
      <UniqueIdentifier>{3060c2ac-45ad-4113-9dab-37bd5e20be8f}</UniqueIdentifier>
    </Filter>
    <Filter Include="Libs">
      <UniqueIdentifier>{88be3ade-01cc-40b0-a3a1-5955b53caf08}</UniqueIdentifier>
    </Filter>
    <Filter Include="Libs\simpleGUI">
      <UniqueIdentifier>{6dab17d5-342f-4563-ae9f-626da38c191a}</UniqueIdentifier>
    </Filter>
    <Filter Include="Libs\libgraphics">
      <UniqueIdentifier>{9f5a3805-fd90-4875-9400-f7512162f506}</UniqueIdentifier>
    </Filter>
    <Filter Include="Libs\libgraphics\headers">
      <UniqueIdentifier>{1bce9a66-4419-4286-977f-b71522d639f9}</UniqueIdentifier>
    </Filter>
    <Filter Include="Libs\libgraphics\sources">
      <UniqueIdentifier>{b31a5063-35c3-4501-878b-0b63c10f03cc}</UniqueIdentifier>
    </Filter>
    <Filter Include="Modules\Vector">
      <UniqueIdentifier>{07e3cad4-193f-416a-8aff-fbfd8db96273}</UniqueIdentifier>
    </Filter>
    <Filter Include="Modules\FunctionDrawer">
      <UniqueIdentifier>{ba262239-d3c9-4a25-b74b-8777d50c4eac}</UniqueIdentifier>
    </Filter>
    <Filter Include="Modules\LinkedList">
      <UniqueIdentifier>{0fd24bfe-a899-435a-90c8-e007af3d8883}</UniqueIdentifier>
    </Filter>
    <Filter Include="UnitTest">
      <UniqueIdentifier>{a3f86266-a88a-4af9-9a25-5591190ad0ff}</UniqueIdentifier>
    </Filter>
    <Filter Include="UnitTest\VectorTest">
      <UniqueIdentifier>{7440404e-d9bf-4cd6-a078-c33d26e5e2e0}</UniqueIdentifier>
    </Filter>
    <Filter Include="resources">
      <UniqueIdentifier>{67DA6AB6-F800-4c08-8B7A-83BB121AAD01}</UniqueIdentifier>
      <Extensions>rc;ico;cur;bmp;dlg;rc2;rct;bin;rgs;gif;jpg;jpeg;jpe;resx;tiff;tif;png;wav;mfcribbon-ms</Extensions>
    </Filter>
    <Filter Include="sources">
      <UniqueIdentifier>{4FC737F1-C7A5-4376-A066-2A32D752A2FF}</UniqueIdentifier>
      <Extensions>cpp;c;cc;cxx;def;odl;idl;hpj;bat;asm;asmx</Extensions>
    </Filter>
    <Filter Include="Modules\Timer">
      <UniqueIdentifier>{d3a8cf1f-ec6e-4358-9cb0-aaa6ad900ff7}</UniqueIdentifier>
    </Filter>
    <Filter Include="UnitTest\TimerTest">
      <UniqueIdentifier>{fec07d56-fdbd-4b47-b27a-9df6b130fda3}</UniqueIdentifier>
    </Filter>
    <Filter Include="UnitTest\CollisionTest">
      <UniqueIdentifier>{c989d415-b56b-425e-be8d-ba57c85f52a3}</UniqueIdentifier>
    </Filter>
    <Filter Include="UnitTest\FunctionTest">
      <UniqueIdentifier>{3e3a7c79-4937-4b58-acd6-28d1f09e9f60}</UniqueIdentifier>
    </Filter>
    <Filter Include="Modules\Animes">
      <UniqueIdentifier>{d1a9aae0-ba8d-44a2-bcce-6de082f2ecf4}</UniqueIdentifier>
    </Filter>
    <Filter Include="UnitTest\AnimeTest">
      <UniqueIdentifier>{f39a0996-d21d-4d25-a40a-7c628d658179}</UniqueIdentifier>
    </Filter>
    <Filter Include="Modules\UI">
      <UniqueIdentifier>{9f6c733b-e870-4100-9fbd-9915480bf0b1}</UniqueIdentifier>
    </Filter>
    <Filter Include="Modules\UI\Menu">
      <UniqueIdentifier>{fdde2562-7406-4b80-a6f1-bff5bd1bc0dc}</UniqueIdentifier>
    </Filter>
    <Filter Include="Modules\UI\ToolBox">
      <UniqueIdentifier>{ba8df76b-3492-4815-ac21-b88b43de7993}</UniqueIdentifier>
    </Filter>
    <Filter Include="Modules\UI\StatusLine">
      <UniqueIdentifier>{c9f4e5e6-5722-4897-b3b3-30ce606e483d}</UniqueIdentifier>
    </Filter>
    <Filter Include="Modules\UI\StartPage">
      <UniqueIdentifier>{7492884a-e304-44c2-b53a-ef08dc2386dd}</UniqueIdentifier>
    </Filter>
    <Filter Include="UnitTest\UITest">
      <UniqueIdentifier>{4c83326f-8370-4b4b-a325-8b6697846ae4}</UniqueIdentifier>
    </Filter>
    <Filter Include="Modules\Color">
      <UniqueIdentifier>{d1091bda-4d4d-4f0c-909b-17664db58a83}</UniqueIdentifier>
    </Filter>
    <Filter Include="Modules\UI\SlideBar">
      <UniqueIdentifier>{73aef577-468e-4cff-8aa4-90196667a54b}</UniqueIdentifier>
    </Filter>
    <Filter Include="Modules\Save">
      <UniqueIdentifier>{85582994-5255-4baf-ae00-7be7086d2bd0}</UniqueIdentifier>
    </Filter>
    <Filter Include="Modules\Input">
      <UniqueIdentifier>{a1ffbbc4-5eaf-4992-a0f3-cef85c94b416}</UniqueIdentifier>
    </Filter>
    <Filter Include="Modules\Utility">
      <UniqueIdentifier>{35a7b80a-65d3-4dcb-8694-843d42f3f602}</UniqueIdentifier>
    </Filter>
    <Filter Include="UnitTest\InputTest">
      <UniqueIdentifier>{b7a374d8-ca8b-4ace-a45e-e43d1a8d4eb5}</UniqueIdentifier>
    </Filter>
    <Filter Include="UnitTest\SaveTest">
      <UniqueIdentifier>{f6a74eaf-787a-4df3-ad6a-e7f78bb5f606}</UniqueIdentifier>
    </Filter>
    <Filter Include="Modules\AI">
      <UniqueIdentifier>{520436f9-d458-4d2d-a2fe-651480bd2778}</UniqueIdentifier>
    </Filter>
    <Filter Include="UnitTest\GCTest">
      <UniqueIdentifier>{32c9c34c-2bc0-4bfe-8d13-4aa0cdfc28e5}</UniqueIdentifier>
    </Filter>
    <Filter Include="UnitTest\LinkedListTest">
      <UniqueIdentifier>{b212febf-e79f-4a70-a47f-adff04322866}</UniqueIdentifier>
    </Filter>
    <Filter Include="Modules\Particle">
      <UniqueIdentifier>{663f0cb5-c9b4-4600-ae1c-33e0dbb0a602}</UniqueIdentifier>
    </Filter>
    <Filter Include="UnitTest\ParticleTest">
      <UniqueIdentifier>{a920e873-b11c-45ff-83cf-0840fb27ca84}</UniqueIdentifier>
    </Filter>
    <Filter Include="Modules\Missile">
      <UniqueIdentifier>{cd15743c-6ef0-40f7-83c2-2d4840927329}</UniqueIdentifier>
    </Filter>
    <Filter Include="UnitTest\MissileTest">
      <UniqueIdentifier>{af30ca4c-2fba-4c16-9551-486f8e50a626}</UniqueIdentifier>
    </Filter>
    <Filter Include="Modules\HashMap">
      <UniqueIdentifier>{3b956dc1-fc23-4172-adb0-aa5e2fac5afa}</UniqueIdentifier>
    </Filter>
    <Filter Include="UnitTest\HashMapTest">
      <UniqueIdentifier>{20daeef9-43f8-431b-9e95-712ae6e04625}</UniqueIdentifier>
    </Filter>
    <Filter Include="Modules\UI\ListBox">
      <UniqueIdentifier>{a1bff709-2892-4ffb-935b-f7b28efcaa64}</UniqueIdentifier>
    </Filter>
    <Filter Include="Modules\SplineInterpolation">
      <UniqueIdentifier>{711afd44-8945-472d-aaac-41e0d3753654}</UniqueIdentifier>
    </Filter>
    <Filter Include="UnitTest\SplineInterpolationTest">
      <UniqueIdentifier>{75c19f95-3d0c-424b-a88c-42fa3cbe7425}</UniqueIdentifier>
    </Filter>
    <Filter Include="Modules\Fonts">
      <UniqueIdentifier>{d8a00eed-a6ef-4205-8246-9d7940aba4cb}</UniqueIdentifier>
    </Filter>
    <Filter Include="UnitTest\FontsTest">
      <UniqueIdentifier>{bcd74ba0-1ceb-4e4f-873b-3579c44990a5}</UniqueIdentifier>
    </Filter>
    <Filter Include="Modules\CollisionDetection">
      <UniqueIdentifier>{e89fa1f3-95c0-457c-a92e-d285efd60181}</UniqueIdentifier>
    </Filter>
    <Filter Include="Modules\Plane">
      <UniqueIdentifier>{712f8bb2-155b-4552-8f55-63c47f957d1e}</UniqueIdentifier>
    </Filter>
    <Filter Include="Modules\Game">
      <UniqueIdentifier>{e185090c-aacb-4461-bc7d-46cfa8e13a70}</UniqueIdentifier>
    </Filter>
    <Filter Include="Modules\Weapon">
      <UniqueIdentifier>{6320f1ff-b18b-4267-a0d7-45748ddb31b3}</UniqueIdentifier>
    </Filter>
    <Filter Include="Modules\Ammo">
      <UniqueIdentifier>{9786e988-ec23-45b3-a707-eed34c3c8d70}</UniqueIdentifier>
    </Filter>
    <Filter Include="UnitTest\AmmoTest">
      <UniqueIdentifier>{c976166e-2a59-446f-ab34-e888c22f6ae0}</UniqueIdentifier>
    </Filter>
    <Filter Include="UnitTest\PlaneTest">
      <UniqueIdentifier>{958cea3c-1f51-427a-943c-e85c813294ef}</UniqueIdentifier>
    </Filter>
    <Filter Include="Modules\ColUpdater">
      <UniqueIdentifier>{dee4d161-3f7b-4b52-804e-c99d78eba92e}</UniqueIdentifier>
    </Filter>
    <Filter Include="UnitTest\ObjectTest">
      <UniqueIdentifier>{d7e558fd-d303-4bfe-a052-ae4c6a4aa9d9}</UniqueIdentifier>
    </Filter>
    <Filter Include="Modules\FixObj">
      <UniqueIdentifier>{41e2be60-2c70-4357-8c96-b2ea90b94bb3}</UniqueIdentifier>
    </Filter>
    <Filter Include="Modules\PlayerControl">
      <UniqueIdentifier>{9a7821d9-20ea-4151-838d-ec5db2b68115}</UniqueIdentifier>
    </Filter>
    <Filter Include="Modules\GC">
      <UniqueIdentifier>{559cd5cc-b828-4942-b6ca-c1f960016ba4}</UniqueIdentifier>
    </Filter>
    <Filter Include="Modules\Tortoise">
      <UniqueIdentifier>{63627c2a-1e35-4159-8e3d-077fc53c2cb3}</UniqueIdentifier>
    </Filter>
  </ItemGroup>
  <ItemGroup>
    <ClInclude Include="..\..\codes\simpleGUI\imgui.h">
      <Filter>Libs\simpleGUI</Filter>
    </ClInclude>
    <ClInclude Include="..\..\codes\libgraphics\exception.h">
      <Filter>Libs\libgraphics\headers</Filter>
    </ClInclude>
    <ClInclude Include="..\..\codes\libgraphics\extgraph.h">
      <Filter>Libs\libgraphics\headers</Filter>
    </ClInclude>
    <ClInclude Include="..\..\codes\libgraphics\gcalloc.h">
      <Filter>Libs\libgraphics\headers</Filter>
    </ClInclude>
    <ClInclude Include="..\..\codes\libgraphics\genlib.h">
      <Filter>Libs\libgraphics\headers</Filter>
    </ClInclude>
    <ClInclude Include="..\..\codes\libgraphics\graphics.h">
      <Filter>Libs\libgraphics\headers</Filter>
    </ClInclude>
    <ClInclude Include="..\..\codes\libgraphics\random.h">
      <Filter>Libs\libgraphics\headers</Filter>
    </ClInclude>
    <ClInclude Include="..\..\codes\libgraphics\simpio.h">
      <Filter>Libs\libgraphics\headers</Filter>
    </ClInclude>
    <ClInclude Include="..\..\codes\libgraphics\strlib.h">
      <Filter>Libs\libgraphics\headers</Filter>
    </ClInclude>
    <ClInclude Include="..\..\codes\appcode\function_drawer.h">
      <Filter>Modules\FunctionDrawer</Filter>
    </ClInclude>
    <ClInclude Include="..\..\codes\appcode\linked_list.h">
      <Filter>Modules\LinkedList</Filter>
    </ClInclude>
    <ClInclude Include="..\..\codes\appcode\vector.h">
      <Filter>Modules\Vector</Filter>
    </ClInclude>
    <ClInclude Include="..\..\codes\appcode\vector_test.h">
      <Filter>UnitTest\VectorTest</Filter>
    </ClInclude>
    <ClInclude Include="..\..\codes\appcode\main_test.h">
      <Filter>UnitTest</Filter>
    </ClInclude>
    <ClInclude Include="..\..\codes\appcode\list_test.h">
      <Filter>UnitTest\LinkedListTest</Filter>
    </ClInclude>
    <ClInclude Include="..\..\codes\appcode\timer.h">
      <Filter>Modules\Timer</Filter>
    </ClInclude>
    <ClInclude Include="..\..\codes\appcode\collision.h">
      <Filter>Modules\CollisionDetection</Filter>
    </ClInclude>
    <ClInclude Include="..\..\codes\appcode\timer_test.h">
      <Filter>UnitTest\TimerTest</Filter>
    </ClInclude>
    <ClInclude Include="..\..\codes\appcode\function_test.h">
      <Filter>UnitTest\FunctionTest</Filter>
    </ClInclude>
    <ClInclude Include="..\..\codes\appcode\animes.h">
      <Filter>Modules\Animes</Filter>
    </ClInclude>
    <ClInclude Include="..\..\codes\appcode\anime_test.h">
      <Filter>UnitTest\AnimeTest</Filter>
    </ClInclude>
    <ClInclude Include="..\..\codes\appcode\collision_test.h">
      <Filter>UnitTest\CollisionTest</Filter>
    </ClInclude>
    <ClInclude Include="..\..\codes\appcode\ui.h">
      <Filter>Modules\UI</Filter>
    </ClInclude>
    <ClInclude Include="..\..\codes\appcode\menu.h">
      <Filter>Modules\UI\Menu</Filter>
    </ClInclude>
    <ClInclude Include="..\..\codes\appcode\start_page.h">
      <Filter>Modules\UI\StartPage</Filter>
    </ClInclude>
    <ClInclude Include="..\..\codes\appcode\status_line.h">
      <Filter>Modules\UI\StatusLine</Filter>
    </ClInclude>
    <ClInclude Include="..\..\codes\appcode\tool_box.h">
      <Filter>Modules\UI\ToolBox</Filter>
    </ClInclude>
    <ClInclude Include="..\..\codes\appcode\ui_test.h">
      <Filter>UnitTest\UITest</Filter>
    </ClInclude>
    <ClInclude Include="..\..\codes\appcode\color.h">
      <Filter>Modules\Color</Filter>
    </ClInclude>
    <ClInclude Include="..\..\codes\appcode\slide_bar.h">
      <Filter>Modules\UI\SlideBar</Filter>
    </ClInclude>
    <ClInclude Include="..\..\codes\appcode\save.h">
      <Filter>Modules\Save</Filter>
    </ClInclude>
    <ClInclude Include="..\..\codes\appcode\input.h">
      <Filter>Modules\Input</Filter>
    </ClInclude>
    <ClInclude Include="..\..\codes\appcode\utility.h">
      <Filter>Modules\Utility</Filter>
    </ClInclude>
    <ClInclude Include="..\..\codes\appcode\input_test.h">
      <Filter>UnitTest\InputTest</Filter>
    </ClInclude>
    <ClInclude Include="..\..\codes\appcode\save_test.h">
      <Filter>UnitTest\SaveTest</Filter>
    </ClInclude>
    <ClInclude Include="..\..\codes\appcode\listbox.h">
      <Filter>Modules\UI\ListBox</Filter>
    </ClInclude>
    <ClInclude Include="..\..\codes\appcode\ai.h">
      <Filter>Modules\AI</Filter>
    </ClInclude>
    <ClInclude Include="..\..\codes\appcode\gc_test.h">
      <Filter>UnitTest\GCTest</Filter>
    </ClInclude>
    <ClInclude Include="..\..\codes\appcode\gc.h">
      <Filter>Modules\GC</Filter>
    </ClInclude>
    <ClInclude Include="..\..\codes\appcode\particle.h">
      <Filter>Modules\Particle</Filter>
    </ClInclude>
    <ClInclude Include="..\..\codes\appcode\particle_test.h">
      <Filter>UnitTest\ParticleTest</Filter>
    </ClInclude>
    <ClInclude Include="..\..\codes\appcode\missile.h">
      <Filter>Modules\Missile</Filter>
    </ClInclude>
    <ClInclude Include="..\..\codes\appcode\missile_test.h">
      <Filter>UnitTest\MissileTest</Filter>
    </ClInclude>
    <ClInclude Include="..\..\codes\appcode\hashmap.h">
      <Filter>Modules\HashMap</Filter>
    </ClInclude>
    <ClInclude Include="..\..\codes\appcode\hashmap_test.h">
      <Filter>UnitTest\HashMapTest</Filter>
    </ClInclude>
    <ClInclude Include="..\..\codes\appcode\spline_interpolation.h">
      <Filter>Modules\SplineInterpolation</Filter>
    </ClInclude>
    <ClInclude Include="..\..\codes\appcode\spline_test.h">
      <Filter>UnitTest\SplineInterpolationTest</Filter>
    </ClInclude>
    <ClInclude Include="..\..\codes\appcode\font.h">
      <Filter>Modules\Fonts</Filter>
    </ClInclude>
    <ClInclude Include="..\..\codes\appcode\font_test.h">
      <Filter>UnitTest\FontsTest</Filter>
    </ClInclude>
    <ClInclude Include="..\..\codes\appcode\weapon.h">
      <Filter>Modules\Weapon</Filter>
    </ClInclude>
    <ClInclude Include="..\..\codes\appcode\plane.h">
      <Filter>Modules\Plane</Filter>
    </ClInclude>
    <ClInclude Include="..\..\codes\appcode\ingame.h">
      <Filter>Modules\Game</Filter>
    </ClInclude>
    <ClInclude Include="..\..\codes\appcode\ammo.h">
      <Filter>Modules\Ammo</Filter>
    </ClInclude>
    <ClInclude Include="..\..\codes\appcode\ammo_test.h">
      <Filter>UnitTest\AmmoTest</Filter>
    </ClInclude>
    <ClInclude Include="..\..\codes\appcode\plane_test.h">
      <Filter>UnitTest\PlaneTest</Filter>
    </ClInclude>
    <ClInclude Include="..\..\codes\appcode\col_updater.h">
      <Filter>Modules\ColUpdater</Filter>
    </ClInclude>
    <ClInclude Include="..\..\codes\appcode\object_test.h">
      <Filter>UnitTest\ObjectTest</Filter>
    </ClInclude>
    <ClInclude Include="..\..\codes\appcode\fix_obj.h">
      <Filter>Modules\FixObj</Filter>
    </ClInclude>
    <ClInclude Include="..\..\codes\appcode\player_control.h">
      <Filter>Modules\PlayerControl</Filter>
    </ClInclude>
    <ClInclude Include="..\..\codes\appcode\tortoise.h">
      <Filter>Modules\Tortoise</Filter>
    </ClInclude>
  </ItemGroup>
  <ItemGroup>
    <ClCompile Include="..\..\codes\simpleGUI\imgui.c">
      <Filter>Libs\simpleGUI</Filter>
    </ClCompile>
    <ClCompile Include="..\..\codes\libgraphics\exceptio.c">
      <Filter>Libs\libgraphics\sources</Filter>
    </ClCompile>
    <ClCompile Include="..\..\codes\libgraphics\genlib.c">
      <Filter>Libs\libgraphics\sources</Filter>
    </ClCompile>
    <ClCompile Include="..\..\codes\libgraphics\graphics.c">
      <Filter>Libs\libgraphics\sources</Filter>
    </ClCompile>
    <ClCompile Include="..\..\codes\libgraphics\random.c">
      <Filter>Libs\libgraphics\sources</Filter>
    </ClCompile>
    <ClCompile Include="..\..\codes\libgraphics\simpio.c">
      <Filter>Libs\libgraphics\sources</Filter>
    </ClCompile>
    <ClCompile Include="..\..\codes\libgraphics\strlib.c">
      <Filter>Libs\libgraphics\sources</Filter>
    </ClCompile>
    <ClCompile Include="..\..\codes\appcode\function_drawer.c">
      <Filter>Modules\FunctionDrawer</Filter>
    </ClCompile>
    <ClCompile Include="..\..\codes\appcode\linked_list.c">
      <Filter>Modules\LinkedList</Filter>
    </ClCompile>
    <ClCompile Include="..\..\codes\appcode\vector.c">
      <Filter>Modules\Vector</Filter>
    </ClCompile>
    <ClCompile Include="..\..\codes\appcode\vector_test.c">
      <Filter>UnitTest\VectorTest</Filter>
    </ClCompile>
    <ClCompile Include="..\..\codes\appcode\main.c">
      <Filter>sources</Filter>
    </ClCompile>
    <ClCompile Include="..\..\codes\appcode\main_test.c">
      <Filter>UnitTest</Filter>
    </ClCompile>
    <ClCompile Include="..\..\codes\appcode\timer.c">
      <Filter>Modules\Timer</Filter>
    </ClCompile>
    <ClCompile Include="..\..\codes\appcode\list_test.c">
      <Filter>UnitTest\LinkedListTest</Filter>
    </ClCompile>
    <ClCompile Include="..\..\codes\appcode\collision.c">
      <Filter>Modules\CollisionDetection</Filter>
    </ClCompile>
    <ClCompile Include="..\..\codes\appcode\timer_test.c">
      <Filter>UnitTest\TimerTest</Filter>
    </ClCompile>
    <ClCompile Include="..\..\codes\appcode\function_test.c">
      <Filter>UnitTest\FunctionTest</Filter>
    </ClCompile>
    <ClCompile Include="..\..\codes\appcode\anime_bomb.c">
      <Filter>Modules\Animes</Filter>
    </ClCompile>
    <ClCompile Include="..\..\codes\appcode\anime_shield.c">
      <Filter>Modules\Animes</Filter>
    </ClCompile>
    <ClCompile Include="..\..\codes\appcode\anime_test.c">
      <Filter>UnitTest\AnimeTest</Filter>
    </ClCompile>
    <ClCompile Include="..\..\codes\appcode\collision_test.c">
      <Filter>UnitTest\CollisionTest</Filter>
    </ClCompile>
    <ClCompile Include="..\..\codes\appcode\anime_ammo.c">
      <Filter>Modules\Animes</Filter>
    </ClCompile>
    <ClCompile Include="..\..\codes\appcode\anime_player.c">
      <Filter>Modules\Animes</Filter>
    </ClCompile>
    <ClCompile Include="..\..\codes\appcode\anime_enemy_base.c">
      <Filter>Modules\Animes</Filter>
    </ClCompile>
    <ClCompile Include="..\..\codes\appcode\anime_enemy_advanced.c">
      <Filter>Modules\Animes</Filter>
    </ClCompile>
    <ClCompile Include="..\..\codes\appcode\anime_enemy_boss.c">
      <Filter>Modules\Animes</Filter>
    </ClCompile>
    <ClCompile Include="..\..\codes\appcode\anime_enemy_bonus.c">
      <Filter>Modules\Animes</Filter>
    </ClCompile>
    <ClCompile Include="..\..\codes\appcode\anime_victory.c">
      <Filter>Modules\Animes</Filter>
    </ClCompile>
    <ClCompile Include="..\..\codes\appcode\ui.c">
      <Filter>Modules\UI</Filter>
    </ClCompile>
    <ClCompile Include="..\..\codes\appcode\menu.c">
      <Filter>Modules\UI\Menu</Filter>
    </ClCompile>
    <ClCompile Include="..\..\codes\appcode\start_page.c">
      <Filter>Modules\UI\StartPage</Filter>
    </ClCompile>
    <ClCompile Include="..\..\codes\appcode\status_line.c">
      <Filter>Modules\UI\StatusLine</Filter>
    </ClCompile>
    <ClCompile Include="..\..\codes\appcode\tool_box.c">
      <Filter>Modules\UI\ToolBox</Filter>
    </ClCompile>
    <ClCompile Include="..\..\codes\appcode\ui_test.c">
      <Filter>UnitTest\UITest</Filter>
    </ClCompile>
    <ClCompile Include="..\..\codes\appcode\color.c">
      <Filter>Modules\Color</Filter>
    </ClCompile>
    <ClCompile Include="..\..\codes\appcode\slide_bar.c">
      <Filter>Modules\UI\SlideBar</Filter>
    </ClCompile>
    <ClCompile Include="..\..\codes\appcode\save.c">
      <Filter>Modules\Save</Filter>
    </ClCompile>
    <ClCompile Include="..\..\codes\appcode\input.c">
      <Filter>Modules\Input</Filter>
    </ClCompile>
    <ClCompile Include="..\..\codes\appcode\utility.c">
      <Filter>Modules\Utility</Filter>
    </ClCompile>
    <ClCompile Include="..\..\codes\appcode\input_test.c">
      <Filter>UnitTest\InputTest</Filter>
    </ClCompile>
    <ClCompile Include="..\..\codes\appcode\save_test.c">
      <Filter>UnitTest\SaveTest</Filter>
    </ClCompile>
    <ClCompile Include="..\..\codes\appcode\listbox.c">
      <Filter>Modules\UI\ListBox</Filter>
    </ClCompile>
    <ClCompile Include="..\..\codes\appcode\ai.c">
      <Filter>Modules\AI</Filter>
    </ClCompile>
    <ClCompile Include="..\..\codes\appcode\gc_test.c">
      <Filter>UnitTest\GCTest</Filter>
    </ClCompile>
    <ClCompile Include="..\..\codes\appcode\gc.c">
      <Filter>Modules\GC</Filter>
    </ClCompile>
    <ClCompile Include="..\..\codes\appcode\particle.c">
      <Filter>Modules\Particle</Filter>
    </ClCompile>
    <ClCompile Include="..\..\codes\appcode\particle_test.c">
      <Filter>UnitTest\ParticleTest</Filter>
    </ClCompile>
    <ClCompile Include="..\..\codes\appcode\missile.c">
      <Filter>Modules\Missile</Filter>
    </ClCompile>
    <ClCompile Include="..\..\codes\appcode\missile_test.c">
      <Filter>UnitTest\MissileTest</Filter>
    </ClCompile>
    <ClCompile Include="..\..\codes\appcode\anime_explode.c">
      <Filter>Modules\Animes</Filter>
    </ClCompile>
    <ClCompile Include="..\..\codes\appcode\hashmap.c">
      <Filter>Modules\HashMap</Filter>
    </ClCompile>
    <ClCompile Include="..\..\codes\appcode\hashmap_test.c">
      <Filter>UnitTest\HashMapTest</Filter>
    </ClCompile>
    <ClCompile Include="..\..\codes\appcode\common_anime.c">
      <Filter>Modules\Animes</Filter>
    </ClCompile>
    <ClCompile Include="..\..\codes\appcode\parabola.c">
      <Filter>Modules\Animes</Filter>
    </ClCompile>
    <ClCompile Include="..\..\codes\appcode\spline_interpolation.c">
      <Filter>Modules\SplineInterpolation</Filter>
    </ClCompile>
    <ClCompile Include="..\..\codes\appcode\spline_test.c">
      <Filter>UnitTest\SplineInterpolationTest</Filter>
    </ClCompile>
    <ClCompile Include="..\..\codes\appcode\font.c">
      <Filter>Modules\Fonts</Filter>
    </ClCompile>
    <ClCompile Include="..\..\codes\appcode\font_test.c">
      <Filter>UnitTest\FontsTest</Filter>
    </ClCompile>
    <ClCompile Include="..\..\codes\appcode\weapon.c">
      <Filter>Modules\Weapon</Filter>
    </ClCompile>
    <ClCompile Include="..\..\codes\appcode\plane.c">
      <Filter>Modules\Plane</Filter>
    </ClCompile>
    <ClCompile Include="..\..\codes\appcode\ingame.c">
      <Filter>Modules\Game</Filter>
    </ClCompile>
    <ClCompile Include="..\..\codes\appcode\ammo.c">
      <Filter>Modules\Ammo</Filter>
    </ClCompile>
    <ClCompile Include="..\..\codes\appcode\ammo_test.c">
      <Filter>UnitTest\AmmoTest</Filter>
    </ClCompile>
    <ClCompile Include="..\..\codes\appcode\plane_test.c">
      <Filter>UnitTest\PlaneTest</Filter>
    </ClCompile>
    <ClCompile Include="..\..\codes\appcode\col_updater.c">
      <Filter>Modules\ColUpdater</Filter>
    </ClCompile>
    <ClCompile Include="..\..\codes\appcode\object_test.c">
      <Filter>UnitTest\ObjectTest</Filter>
    </ClCompile>
    <ClCompile Include="..\..\codes\appcode\anime_objs.c">
      <Filter>Modules\Animes</Filter>
    </ClCompile>
    <ClCompile Include="..\..\codes\appcode\fix_obj.c">
      <Filter>Modules\FixObj</Filter>
    </ClCompile>
    <ClCompile Include="..\..\codes\appcode\player_control.c">
      <Filter>Modules\PlayerControl</Filter>
    </ClCompile>
    <ClCompile Include="..\..\codes\appcode\anime_front_sight.c">
      <Filter>Modules\Animes</Filter>
    </ClCompile>
    <ClCompile Include="..\..\codes\appcode\tortoise.c">
      <Filter>Modules\Tortoise</Filter>
    </ClCompile>
  </ItemGroup>
</Project>